{
  "name": "slides",
  "lockfileVersion": 3,
  "requires": true,
  "packages": {
    "": {
      "dependencies": {
        "reveal.js-menu": "^2.1.0",
        "reveal.js-multimodal": "^1.0.1"
      }
    },
    "node_modules/body-scroll-lock-upgrade": {
      "version": "1.1.0",
      "resolved": "https://registry.npmjs.org/body-scroll-lock-upgrade/-/body-scroll-lock-upgrade-1.1.0.tgz",
      "integrity": "sha512-nnfVAS+tB7CS9RaksuHVTpgHWHF7fE/ptIBJnwZrMqImIvWJF1OGcLnMpBhC6qhkx9oelvyxmWXwmIJXCV98Sw==",
      "license": "MIT"
    },
    "node_modules/marked": {
      "version": "4.3.0",
      "resolved": "https://registry.npmjs.org/marked/-/marked-4.3.0.tgz",
      "integrity": "sha512-PRsaiG84bK+AMvxziE/lCFss8juXjNaWzVbN5tXAm4XjeaS9NAHhop+PjQxz2A9h8Q4M/xGmzP8vqNwy6JeK0A==",
      "license": "MIT",
      "bin": {
        "marked": "bin/marked.js"
      },
      "engines": {
        "node": ">= 12"
      }
    },
    "node_modules/reveal.js": {
      "version": "5.1.0",
      "resolved": "https://registry.npmjs.org/reveal.js/-/reveal.js-5.1.0.tgz",
      "integrity": "sha512-KDt7m0+xwKV6nAZt4CNPVFBf42sTKRQapg0bGGKB5PKO5XvChnMfwlZkybydHiQJ7p5+6LbHKRGrhXODdoNIaA==",
      "license": "MIT",
      "engines": {
        "node": ">=18.0.0"
      }
    },
    "node_modules/reveal.js-menu": {
      "version": "2.1.0",
      "resolved": "https://registry.npmjs.org/reveal.js-menu/-/reveal.js-menu-2.1.0.tgz",
      "integrity": "sha512-35zp4fHSMyWd15+3CvQ8LrpS+4Gj2qvlkxX3lo5LpITDe6ZkA4A9y1E5fE63YlQl5fp7W1mNgNJr4kCU0s14lA==",
      "license": "MIT, Copyright (C) 2020 Greg Denehy"
    },
    "node_modules/reveal.js-multimodal": {
      "version": "1.0.1",
      "resolved": "https://registry.npmjs.org/reveal.js-multimodal/-/reveal.js-multimodal-1.0.1.tgz",
      "integrity": "sha512-etpHrN3Wux6evPL843OXyLW4snKo2B7bd0cYe0RIC2e8A8L/uK2gxpz+auaQ/mzsN8vCIujS6jy6/+mlL9o+Cg==",
      "license": "MIT",
      "dependencies": {
        "body-scroll-lock-upgrade": "^1.1.0",
        "marked": "^4.3.0",
        "reveal.js": "5.1.0"
      }
    }
  }
}
